<?xml version="1.0" encoding="utf-8"?>
<Project ToolsVersion="4.0" xmlns="http://schemas.microsoft.com/developer/msbuild/2003">
  <ItemGroup>
    <Filter Include="Source Files">
      <UniqueIdentifier>{4FC737F1-C7A5-4376-A066-2A32D752A2FF}</UniqueIdentifier>
      <Extensions>cpp;c;cc;cxx;def;odl;idl;hpj;bat;asm;asmx</Extensions>
    </Filter>
    <Filter Include="Header Files">
      <UniqueIdentifier>{93995380-89BD-4b04-88EB-625FBE52EBFB}</UniqueIdentifier>
      <Extensions>h;hh;hpp;hxx;hm;inl;inc;xsd</Extensions>
    </Filter>
    <Filter Include="Resource Files">
      <UniqueIdentifier>{67DA6AB6-F800-4c08-8B7A-83BB121AAD01}</UniqueIdentifier>
      <Extensions>rc;ico;cur;bmp;dlg;rc2;rct;bin;rgs;gif;jpg;jpeg;jpe;resx;tiff;tif;png;wav;mfcribbon-ms</Extensions>
    </Filter>
  </ItemGroup>
  <ItemGroup>
    <ClCompile Include="GameManager.cpp">
      <Filter>Source Files</Filter>
    </ClCompile>
    <ClCompile Include="Road.cpp">
      <Filter>Source Files</Filter>
    </ClCompile>
    <ClCompile Include="River.cpp">
      <Filter>Source Files</Filter>
    </ClCompile>
    <ClCompile Include="DynamincObject.cpp">
      <Filter>Source Files</Filter>
    </ClCompile>
    <ClCompile Include="Roadside.cpp">
      <Filter>Source Files</Filter>
    </ClCompile>
    <ClCompile Include="Riverside.cpp">
      <Filter>Source Files</Filter>
    </ClCompile>
    <ClCompile Include="Entity.cpp">
      <Filter>Source Files</Filter>
    </ClCompile>
    <ClCompile Include="main.cpp">
      <Filter>Source Files</Filter>
    </ClCompile>
    <ClCompile Include="Vector3.cpp">
      <Filter>Source Files</Filter>
    </ClCompile>
    <ClCompile Include="dyFrog.cpp">
      <Filter>Source Files</Filter>
    </ClCompile>
    <ClCompile Include="dyWoodenLog.cpp">
      <Filter>Source Files</Filter>
    </ClCompile>
    <ClCompile Include="dyCar.cpp">
      <Filter>Source Files</Filter>
    </ClCompile>
    <ClCompile Include="dyLog.cpp">
      <Filter>Source Files</Filter>
    </ClCompile>
    <ClCompile Include="MyCamera.cpp">
      <Filter>Source Files</Filter>
    </ClCompile>
    <ClCompile Include="CamOrtho.cpp">
      <Filter>Source Files</Filter>
    </ClCompile>
    <ClCompile Include="RiverRoad.cpp">
      <Filter>Source Files</Filter>
    </ClCompile>
    <ClCompile Include="FinalFlower.cpp">
      <Filter>Source Files</Filter>
    </ClCompile>
    <ClCompile Include="dyTurtle.cpp">
      <Filter>Source Files</Filter>
    </ClCompile>
    <ClCompile Include="dyRV.cpp">
      <Filter>Source Files</Filter>
    </ClCompile>
    <ClCompile Include="CamPerspe.cpp">
      <Filter>Source Files</Filter>
    </ClCompile>
    <ClCompile Include="CamPerspeAll.cpp">
      <Filter>Source Files</Filter>
    </ClCompile>
    <ClCompile Include="Model.cpp">
      <Filter>Source Files</Filter>
    </ClCompile>
    <ClCompile Include="Vector4.cpp">
      <Filter>Source Files</Filter>
    </ClCompile>
    <ClCompile Include="LightSun.cpp">
      <Filter>Source Files</Filter>
    </ClCompile>
    <ClCompile Include="LightSource.cpp">
      <Filter>Source Files</Filter>
    </ClCompile>
  </ItemGroup>
  <ItemGroup>
    <ClInclude Include="GameManager.h">
      <Filter>Header Files</Filter>
    </ClInclude>
    <ClInclude Include="GameObject.h">
      <Filter>Header Files</Filter>
    </ClInclude>
    <ClInclude Include="Road.h">
      <Filter>Header Files</Filter>
    </ClInclude>
    <ClInclude Include="River.h">
      <Filter>Header Files</Filter>
    </ClInclude>
    <ClInclude Include="StaticObject.h">
      <Filter>Header Files</Filter>
    </ClInclude>
    <ClInclude Include="DynamincObject.h">
      <Filter>Header Files</Filter>
    </ClInclude>
    <ClInclude Include="Vector3.h">
      <Filter>Header Files</Filter>
    </ClInclude>
    <ClInclude Include="Roadside.h">
      <Filter>Header Files</Filter>
    </ClInclude>
    <ClInclude Include="Riverside.h">
      <Filter>Header Files</Filter>
    </ClInclude>
    <ClInclude Include="Entity.h">
      <Filter>Header Files</Filter>
    </ClInclude>
    <ClInclude Include="Header.h">
      <Filter>Header Files</Filter>
    </ClInclude>
    <ClInclude Include="dyFrog.h">
      <Filter>Header Files</Filter>
    </ClInclude>
    <ClInclude Include="dyWoodenLog.h">
      <Filter>Header Files</Filter>
    </ClInclude>
    <ClInclude Include="dyCar.h">
      <Filter>Header Files</Filter>
    </ClInclude>
    <ClInclude Include="dyLog.h">
      <Filter>Header Files</Filter>
    </ClInclude>
    <ClInclude Include="MyCamera.h">
      <Filter>Header Files</Filter>
    </ClInclude>
    <ClInclude Include="CamOrtho.h">
      <Filter>Header Files</Filter>
    </ClInclude>
    <ClInclude Include="RiverRoad.h">
      <Filter>Header Files</Filter>
    </ClInclude>
    <ClInclude Include="FinalFlower.h">
      <Filter>Header Files</Filter>
    </ClInclude>
    <ClInclude Include="dyTurtle.h">
      <Filter>Header Files</Filter>
    </ClInclude>
    <ClInclude Include="dyRV.h">
      <Filter>Header Files</Filter>
    </ClInclude>
    <ClInclude Include="CamPerspe.h">
      <Filter>Header Files</Filter>
    </ClInclude>
    <ClInclude Include="CamPerspeAll.h">
      <Filter>Header Files</Filter>
    </ClInclude>
    <ClInclude Include="resource.h">
      <Filter>Header Files</Filter>
    </ClInclude>
    <ClInclude Include="resource1.h">
      <Filter>Header Files</Filter>
    </ClInclude>
    <ClInclude Include="resource2.h">
      <Filter>Header Files</Filter>
    </ClInclude>
    <ClInclude Include="Model.h">
      <Filter>Header Files</Filter>
    </ClInclude>
    <ClInclude Include="Vector4.h">
      <Filter>Header Files</Filter>
    </ClInclude>
    <ClInclude Include="LightSun.h">
      <Filter>Source Files</Filter>
    </ClInclude>
    <ClInclude Include="LightSource.h">
      <Filter>Header Files</Filter>
    </ClInclude>
  </ItemGroup>
</Project>